
Microsoft Visual Studio Solution File, Format Version 12.00
# Visual Studio Version 16
VisualStudioVersion = 16.0.30804.86
MinimumVisualStudioVersion = 10.0.40219.1
Project("{FAE04EC0-301F-11D3-BF4B-00C04F79EFBC}") = "TerraLogic", "TerraLogic\TerraLogic.csproj", "{C1FADD25-E7EB-4F46-B5E8-CEEC9999BDDE}"
EndProject
Global
	GlobalSection(SolutionConfigurationPlatforms) = preSolution
		Debug|Any CPU = Debug|Any CPU
		Release|Any CPU = Release|Any CPU
	EndGlobalSection
	GlobalSection(ProjectConfigurationPlatforms) = postSolution
		{C1FADD25-E7EB-4F46-B5E8-CEEC9999BDDE}.Debug|Any CPU.ActiveCfg = Debug|Any CPU
		{C1FADD25-E7EB-4F46-B5E8-CEEC9999BDDE}.Debug|Any CPU.Build.0 = Debug|Any CPU
		{C1FADD25-E7EB-4F46-B5E8-CEEC9999BDDE}.Release|Any CPU.ActiveCfg = Release|Any CPU
		{C1FADD25-E7EB-4F46-B5E8-CEEC9999BDDE}.Release|Any CPU.Build.0 = Release|Any CPU
	EndGlobalSection
	GlobalSection(SolutionProperties) = preSolution
		HideSolutionNode = FALSE
	EndGlobalSection
	GlobalSection(ExtensibilityGlobals) = postSolution
		SolutionGuid = {1E56F0DA-AA77-44BE-A6E8-1EBC782EF79D}
	EndGlobalSection
EndGlobal
