
Microsoft Visual Studio Solution File, Format Version 12.00
# Visual Studio Version 17
VisualStudioVersion = 17.0.32014.148
MinimumVisualStudioVersion = 10.0.40219.1
Project("{9A19103F-16F7-4668-BE54-9A1E7A4F7556}") = "TerraLogic", "TerraLogic\TerraLogic.csproj", "{C1FADD25-E7EB-4F46-B5E8-CEEC9999BDDE}"
EndProject
Global
	GlobalSection(SolutionConfigurationPlatforms) = preSolution
		Debug|Any CPU = Debug|Any CPU
		Release|Any CPU = Release|Any CPU
	EndGlobalSection
	GlobalSection(ProjectConfigurationPlatforms) = postSolution
		{C1FADD25-E7EB-4F46-B5E8-CEEC9999BDDE}.Debug|Any CPU.ActiveCfg = Debug|Any CPU
		{C1FADD25-E7EB-4F46-B5E8-CEEC9999BDDE}.Debug|Any CPU.Build.0 = Debug|Any CPU
		{C1FADD25-E7EB-4F46-B5E8-CEEC9999BDDE}.Release|Any CPU.ActiveCfg = Release|Any CPU
		{C1FADD25-E7EB-4F46-B5E8-CEEC9999BDDE}.Release|Any CPU.Build.0 = Release|Any CPU
	EndGlobalSection
	GlobalSection(SolutionProperties) = preSolution
		HideSolutionNode = FALSE
	EndGlobalSection
	GlobalSection(ExtensibilityGlobals) = postSolution
		SolutionGuid = {1E56F0DA-AA77-44BE-A6E8-1EBC782EF79D}
	EndGlobalSection
EndGlobal
